
Microsoft Visual Studio Solution File, Format Version 12.00
# Visual Studio Version 17
VisualStudioVersion = 17.3.32929.385
MinimumVisualStudioVersion = 10.0.40219.1
Project("{FAE04EC0-301F-11D3-BF4B-00C04F79EFBC}") = "NZWalks.API", "NZWalks.API\NZWalks.API.csproj", "{51B18C00-DEAA-4544-8263-7E468E93A1FC}"
EndProject
Global
	GlobalSection(SolutionConfigurationPlatforms) = preSolution
		Debug|Any CPU = Debug|Any CPU
		Release|Any CPU = Release|Any CPU
	EndGlobalSection
	GlobalSection(ProjectConfigurationPlatforms) = postSolution
		{51B18C00-DEAA-4544-8263-7E468E93A1FC}.Debug|Any CPU.ActiveCfg = Debug|Any CPU
		{51B18C00-DEAA-4544-8263-7E468E93A1FC}.Debug|Any CPU.Build.0 = Debug|Any CPU
		{51B18C00-DEAA-4544-8263-7E468E93A1FC}.Release|Any CPU.ActiveCfg = Release|Any CPU
		{51B18C00-DEAA-4544-8263-7E468E93A1FC}.Release|Any CPU.Build.0 = Release|Any CPU
	EndGlobalSection
	GlobalSection(SolutionProperties) = preSolution
		HideSolutionNode = FALSE
	EndGlobalSection
	GlobalSection(ExtensibilityGlobals) = postSolution
		SolutionGuid = {CA16A038-A007-4176-B376-16E0A6A312C8}
	EndGlobalSection
EndGlobal
